
Microsoft Visual Studio Solution File, Format Version 12.00
# Visual Studio 2017
Project("{FAE04EC0-301F-11D3-BF4B-00C04F79EFBC}") = "Fantasy Fighter", "Fantasy Fighter.csproj", "{8E2F1025-E0F4-76F9-B0A7-E405CAA7EDAE}"
EndProject
Project("{FAE04EC0-301F-11D3-BF4B-00C04F79EFBC}") = "Fantasy Fighter.Editor", "Fantasy Fighter.Editor.csproj", "{8DCFD7F5-FF94-5742-78D9-9655C74B8B4F}"
EndProject
Global
	GlobalSection(SolutionConfigurationPlatforms) = preSolution
		Debug|Any CPU = Debug|Any CPU
		Release|Any CPU = Release|Any CPU
	EndGlobalSection
	GlobalSection(ProjectConfigurationPlatforms) = postSolution
		{8E2F1025-E0F4-76F9-B0A7-E405CAA7EDAE}.Debug|Any CPU.ActiveCfg = Debug|Any CPU
		{8E2F1025-E0F4-76F9-B0A7-E405CAA7EDAE}.Debug|Any CPU.Build.0 = Debug|Any CPU
		{8E2F1025-E0F4-76F9-B0A7-E405CAA7EDAE}.Release|Any CPU.ActiveCfg = Release|Any CPU
		{8E2F1025-E0F4-76F9-B0A7-E405CAA7EDAE}.Release|Any CPU.Build.0 = Release|Any CPU
		{8DCFD7F5-FF94-5742-78D9-9655C74B8B4F}.Debug|Any CPU.ActiveCfg = Debug|Any CPU
		{8DCFD7F5-FF94-5742-78D9-9655C74B8B4F}.Debug|Any CPU.Build.0 = Debug|Any CPU
		{8DCFD7F5-FF94-5742-78D9-9655C74B8B4F}.Release|Any CPU.ActiveCfg = Release|Any CPU
		{8DCFD7F5-FF94-5742-78D9-9655C74B8B4F}.Release|Any CPU.Build.0 = Release|Any CPU
	EndGlobalSection
	GlobalSection(SolutionProperties) = preSolution
		HideSolutionNode = FALSE
	EndGlobalSection
EndGlobal
