
Microsoft Visual Studio Solution File, Format Version 11.00
# Visual Studio 2010
Project("{FAE04EC0-301F-11D3-BF4B-00C04F79EFBC}") = "FantasyFighter", "Assembly-CSharp.csproj", "{A81ED790-F000-5A5E-A1E4-1443D080D2FF}"
EndProject
Project("{FAE04EC0-301F-11D3-BF4B-00C04F79EFBC}") = "FantasyFighter", "Assembly-CSharp-Editor.csproj", "{A7BF6B1E-F28B-635E-C81A-C2F5FA9C3AE8}"
EndProject
Global
	GlobalSection(SolutionConfigurationPlatforms) = preSolution
		Debug|Any CPU = Debug|Any CPU
		Release|Any CPU = Release|Any CPU
	EndGlobalSection
	GlobalSection(ProjectConfigurationPlatforms) = postSolution
		{A81ED790-F000-5A5E-A1E4-1443D080D2FF}.Debug|Any CPU.ActiveCfg = Debug|Any CPU
		{A81ED790-F000-5A5E-A1E4-1443D080D2FF}.Debug|Any CPU.Build.0 = Debug|Any CPU
		{A81ED790-F000-5A5E-A1E4-1443D080D2FF}.Release|Any CPU.ActiveCfg = Release|Any CPU
		{A81ED790-F000-5A5E-A1E4-1443D080D2FF}.Release|Any CPU.Build.0 = Release|Any CPU
		{A7BF6B1E-F28B-635E-C81A-C2F5FA9C3AE8}.Debug|Any CPU.ActiveCfg = Debug|Any CPU
		{A7BF6B1E-F28B-635E-C81A-C2F5FA9C3AE8}.Debug|Any CPU.Build.0 = Debug|Any CPU
		{A7BF6B1E-F28B-635E-C81A-C2F5FA9C3AE8}.Release|Any CPU.ActiveCfg = Release|Any CPU
		{A7BF6B1E-F28B-635E-C81A-C2F5FA9C3AE8}.Release|Any CPU.Build.0 = Release|Any CPU
	EndGlobalSection
	GlobalSection(SolutionProperties) = preSolution
		HideSolutionNode = FALSE
	EndGlobalSection
	GlobalSection(MonoDevelopProperties) = preSolution
		StartupItem = Assembly-CSharp.csproj
	EndGlobalSection
EndGlobal
